# THIS IS AN AUTOGENERATED FILE. DO NOT EDIT THIS FILE DIRECTLY.
# yarn lockfile v1


react-spinners@^0.13.6:
  version "0.13.6"
  resolved "https://registry.yarnpkg.com/react-spinners/-/react-spinners-0.13.6.tgz#f97df4f7fedea7a496b391cf952761e13256610b"
  integrity sha512-+VoSs1wN6oMhJy7PzCPiHUt6zUi9fvnGQizem8q/NzXhGovbdXFDWNhspk6KEKXQEafInUtpvtDlp/zJ5sES/A==
